
Microsoft Visual Studio Solution File, Format Version 12.00
# Visual Studio Version 16
VisualStudioVersion = 16.0.29230.47
MinimumVisualStudioVersion = 10.0.40219.1
Project("{FAE04EC0-301F-11D3-BF4B-00C04F79EFBC}") = "lab2", "lab2.csproj", "{2DDE36E1-7973-4840-B1C1-D0D8D02AF2F5}"
EndProject
Global
	GlobalSection(SolutionConfigurationPlatforms) = preSolution
		Debug|Any CPU = Debug|Any CPU
		Release|Any CPU = Release|Any CPU
	EndGlobalSection
	GlobalSection(ProjectConfigurationPlatforms) = postSolution
		{2DDE36E1-7973-4840-B1C1-D0D8D02AF2F5}.Debug|Any CPU.ActiveCfg = Debug|Any CPU
		{2DDE36E1-7973-4840-B1C1-D0D8D02AF2F5}.Debug|Any CPU.Build.0 = Debug|Any CPU
		{2DDE36E1-7973-4840-B1C1-D0D8D02AF2F5}.Release|Any CPU.ActiveCfg = Release|Any CPU
		{2DDE36E1-7973-4840-B1C1-D0D8D02AF2F5}.Release|Any CPU.Build.0 = Release|Any CPU
	EndGlobalSection
	GlobalSection(SolutionProperties) = preSolution
		HideSolutionNode = FALSE
	EndGlobalSection
	GlobalSection(ExtensibilityGlobals) = postSolution
		SolutionGuid = {8D176F6B-7C1D-468C-92C1-CC6372A0E070}
	EndGlobalSection
EndGlobal
